
Microsoft Visual Studio Solution File, Format Version 12.00
# Visual Studio Version 18
VisualStudioVersion = 18.0.11222.15 d18.0
MinimumVisualStudioVersion = 10.0.40219.1
Project("{9A19103F-16F7-4668-BE54-9A1E7A4F7556}") = "WebApplication1", "WebApplication1\WebApplication1.csproj", "{5E208DFF-EE8F-44F6-8E8C-42441671A944}"
EndProject
Project("{2150E333-8FDC-42A3-9474-1A3956D46DE8}") = "Solution Items", "Solution Items", "{546CB721-C31F-40F4-83EE-8DFC99F7BDF9}"
	ProjectSection(SolutionItems) = preProject
		.gitignore = .gitignore
	EndProjectSection
EndProject
Global
	GlobalSection(SolutionConfigurationPlatforms) = preSolution
		Debug|Any CPU = Debug|Any CPU
		Debug|x64 = Debug|x64
		Release|Any CPU = Release|Any CPU
		Release|x64 = Release|x64
	EndGlobalSection
	GlobalSection(ProjectConfigurationPlatforms) = postSolution
		{5E208DFF-EE8F-44F6-8E8C-42441671A944}.Debug|Any CPU.ActiveCfg = Debug|Any CPU
		{5E208DFF-EE8F-44F6-8E8C-42441671A944}.Debug|Any CPU.Build.0 = Debug|Any CPU
		{5E208DFF-EE8F-44F6-8E8C-42441671A944}.Debug|x64.ActiveCfg = Debug|x64
		{5E208DFF-EE8F-44F6-8E8C-42441671A944}.Debug|x64.Build.0 = Debug|x64
		{5E208DFF-EE8F-44F6-8E8C-42441671A944}.Release|Any CPU.ActiveCfg = Release|Any CPU
		{5E208DFF-EE8F-44F6-8E8C-42441671A944}.Release|Any CPU.Build.0 = Release|Any CPU
		{5E208DFF-EE8F-44F6-8E8C-42441671A944}.Release|x64.ActiveCfg = Release|x64
		{5E208DFF-EE8F-44F6-8E8C-42441671A944}.Release|x64.Build.0 = Release|x64
	EndGlobalSection
	GlobalSection(SolutionProperties) = preSolution
		HideSolutionNode = FALSE
	EndGlobalSection
	GlobalSection(ExtensibilityGlobals) = postSolution
		SolutionGuid = {51BF71FB-0901-47AD-843E-0C759E2B192B}
	EndGlobalSection
EndGlobal
